
Microsoft Visual Studio Solution File, Format Version 12.00
# Visual Studio 14
VisualStudioVersion = 14.0.24720.0
MinimumVisualStudioVersion = 10.0.40219.1
Project("{FAE04EC0-301F-11D3-BF4B-00C04F79EFBC}") = "AutoCompleteTexBox", "AutoCompleteTexBox\AutoCompleteTexBox.csproj", "{FA45AC51-E09A-442C-BFFC-15A3BD58689A}"
EndProject
Global
	GlobalSection(SolutionConfigurationPlatforms) = preSolution
		Debug|Any CPU = Debug|Any CPU
		Release|Any CPU = Release|Any CPU
	EndGlobalSection
	GlobalSection(ProjectConfigurationPlatforms) = postSolution
		{FA45AC51-E09A-442C-BFFC-15A3BD58689A}.Debug|Any CPU.ActiveCfg = Debug|Any CPU
		{FA45AC51-E09A-442C-BFFC-15A3BD58689A}.Debug|Any CPU.Build.0 = Debug|Any CPU
		{FA45AC51-E09A-442C-BFFC-15A3BD58689A}.Release|Any CPU.ActiveCfg = Release|Any CPU
		{FA45AC51-E09A-442C-BFFC-15A3BD58689A}.Release|Any CPU.Build.0 = Release|Any CPU
	EndGlobalSection
	GlobalSection(SolutionProperties) = preSolution
		HideSolutionNode = FALSE
	EndGlobalSection
EndGlobal
